
Microsoft Visual Studio Solution File, Format Version 12.00
# Visual Studio Version 16
VisualStudioVersion = 16.0.31424.327
MinimumVisualStudioVersion = 10.0.40219.1
Project("{FAE04EC0-301F-11D3-BF4B-00C04F79EFBC}") = "KYC.API", "KYC\KYC.API.csproj", "{ADE07D11-0390-4357-8DFA-C130F2C3FC4F}"
EndProject
Project("{FAE04EC0-301F-11D3-BF4B-00C04F79EFBC}") = "KYC.BL", "KYC.BL\KYC.BL.csproj", "{8CA34B80-7FEF-4BB1-A01F-65A5EEB43AF0}"
EndProject
Project("{FAE04EC0-301F-11D3-BF4B-00C04F79EFBC}") = "KYC.DTO", "KYC.DTO\KYC.DTO.csproj", "{B765D862-D16C-43C9-A513-1B165AC1FA05}"
EndProject
Global
	GlobalSection(SolutionConfigurationPlatforms) = preSolution
		Debug|Any CPU = Debug|Any CPU
		Release|Any CPU = Release|Any CPU
	EndGlobalSection
	GlobalSection(ProjectConfigurationPlatforms) = postSolution
		{ADE07D11-0390-4357-8DFA-C130F2C3FC4F}.Debug|Any CPU.ActiveCfg = Debug|Any CPU
		{ADE07D11-0390-4357-8DFA-C130F2C3FC4F}.Debug|Any CPU.Build.0 = Debug|Any CPU
		{ADE07D11-0390-4357-8DFA-C130F2C3FC4F}.Release|Any CPU.ActiveCfg = Release|Any CPU
		{ADE07D11-0390-4357-8DFA-C130F2C3FC4F}.Release|Any CPU.Build.0 = Release|Any CPU
		{8CA34B80-7FEF-4BB1-A01F-65A5EEB43AF0}.Debug|Any CPU.ActiveCfg = Debug|Any CPU
		{8CA34B80-7FEF-4BB1-A01F-65A5EEB43AF0}.Debug|Any CPU.Build.0 = Debug|Any CPU
		{8CA34B80-7FEF-4BB1-A01F-65A5EEB43AF0}.Release|Any CPU.ActiveCfg = Release|Any CPU
		{8CA34B80-7FEF-4BB1-A01F-65A5EEB43AF0}.Release|Any CPU.Build.0 = Release|Any CPU
		{B765D862-D16C-43C9-A513-1B165AC1FA05}.Debug|Any CPU.ActiveCfg = Debug|Any CPU
		{B765D862-D16C-43C9-A513-1B165AC1FA05}.Debug|Any CPU.Build.0 = Debug|Any CPU
		{B765D862-D16C-43C9-A513-1B165AC1FA05}.Release|Any CPU.ActiveCfg = Release|Any CPU
		{B765D862-D16C-43C9-A513-1B165AC1FA05}.Release|Any CPU.Build.0 = Release|Any CPU
	EndGlobalSection
	GlobalSection(SolutionProperties) = preSolution
		HideSolutionNode = FALSE
	EndGlobalSection
	GlobalSection(ExtensibilityGlobals) = postSolution
		SolutionGuid = {BA04C8F5-9339-459B-9A77-4BCB6C573EFE}
	EndGlobalSection
EndGlobal
